
Microsoft Visual Studio Solution File, Format Version 12.00
# Visual Studio 15
VisualStudioVersion = 15.0.28307.489
MinimumVisualStudioVersion = 10.0.40219.1
Project("{FAE04EC0-301F-11D3-BF4B-00C04F79EFBC}") = "WorkDayCalculatorSampleApp", "WorkDayCalculatorSampleApp\WorkDayCalculatorSampleApp.csproj", "{343F2877-A49C-43D2-BD92-583F6331122C}"
EndProject
Project("{FAE04EC0-301F-11D3-BF4B-00C04F79EFBC}") = "WorkDayCalculatorLib", "WorkDayCalculatorLib\WorkDayCalculatorLib.csproj", "{F31FC27F-5524-4014-995F-DE6990F7E4A1}"
EndProject
Project("{FAE04EC0-301F-11D3-BF4B-00C04F79EFBC}") = "WorkDayCalculatorUnitTest", "WorkDayCalculatorUnitTest\WorkDayCalculatorUnitTest.csproj", "{2DB17B06-10EF-4777-953C-5E3B108DB66A}"
EndProject
Global
	GlobalSection(SolutionConfigurationPlatforms) = preSolution
		Debug|Any CPU = Debug|Any CPU
		Release|Any CPU = Release|Any CPU
	EndGlobalSection
	GlobalSection(ProjectConfigurationPlatforms) = postSolution
		{343F2877-A49C-43D2-BD92-583F6331122C}.Debug|Any CPU.ActiveCfg = Debug|Any CPU
		{343F2877-A49C-43D2-BD92-583F6331122C}.Debug|Any CPU.Build.0 = Debug|Any CPU
		{343F2877-A49C-43D2-BD92-583F6331122C}.Release|Any CPU.ActiveCfg = Release|Any CPU
		{343F2877-A49C-43D2-BD92-583F6331122C}.Release|Any CPU.Build.0 = Release|Any CPU
		{F31FC27F-5524-4014-995F-DE6990F7E4A1}.Debug|Any CPU.ActiveCfg = Debug|Any CPU
		{F31FC27F-5524-4014-995F-DE6990F7E4A1}.Debug|Any CPU.Build.0 = Debug|Any CPU
		{F31FC27F-5524-4014-995F-DE6990F7E4A1}.Release|Any CPU.ActiveCfg = Release|Any CPU
		{F31FC27F-5524-4014-995F-DE6990F7E4A1}.Release|Any CPU.Build.0 = Release|Any CPU
		{2DB17B06-10EF-4777-953C-5E3B108DB66A}.Debug|Any CPU.ActiveCfg = Debug|Any CPU
		{2DB17B06-10EF-4777-953C-5E3B108DB66A}.Debug|Any CPU.Build.0 = Debug|Any CPU
		{2DB17B06-10EF-4777-953C-5E3B108DB66A}.Release|Any CPU.ActiveCfg = Release|Any CPU
		{2DB17B06-10EF-4777-953C-5E3B108DB66A}.Release|Any CPU.Build.0 = Release|Any CPU
	EndGlobalSection
	GlobalSection(SolutionProperties) = preSolution
		HideSolutionNode = FALSE
	EndGlobalSection
	GlobalSection(ExtensibilityGlobals) = postSolution
		SolutionGuid = {6A26DAF6-0534-43B2-8759-2A286DB690E1}
	EndGlobalSection
EndGlobal
